// !$*UTF8*$!
{
	archiveVersion = 1;
	classes = {
	};
	objectVersion = 56;
	objects = {

/* Begin PBXBuildFile section */
		BC2B28522C453F4000329A3C /* AppDelegate.swift in Sources */ = {isa = PBXBuildFile; fileRef = BC2B28512C453F4000329A3C /* AppDelegate.swift */; };
		BC2B28542C453F4000329A3C /* SceneDelegate.swift in Sources */ = {isa = PBXBuildFile; fileRef = BC2B28532C453F4000329A3C /* SceneDelegate.swift */; };
		BC2B285B2C453F4200329A3C /* Assets.xcassets in Resources */ = {isa = PBXBuildFile; fileRef = BC2B285A2C453F4200329A3C /* Assets.xcassets */; };
		BC2B285E2C453F4200329A3C /* Base in Resources */ = {isa = PBXBuildFile; fileRef = BC2B285D2C453F4200329A3C /* Base */; };
		BC2B286C2C45448800329A3C /* TabBarController.swift in Sources */ = {isa = PBXBuildFile; fileRef = BC2B286B2C45448800329A3C /* TabBarController.swift */; };
		BC2B28722C45469E00329A3C /* Onboarding+Presenter.swift in Sources */ = {isa = PBXBuildFile; fileRef = BC2B28712C45469E00329A3C /* Onboarding+Presenter.swift */; };
		BC2B28742C4546B500329A3C /* Onboarding+View.swift in Sources */ = {isa = PBXBuildFile; fileRef = BC2B28732C4546B500329A3C /* Onboarding+View.swift */; };
		BC2B28762C4546C300329A3C /* OnboardingView.swift in Sources */ = {isa = PBXBuildFile; fileRef = BC2B28752C4546C300329A3C /* OnboardingView.swift */; };
		BC2B287B2C4547ED00329A3C /* UIViewController+Extensions.swift in Sources */ = {isa = PBXBuildFile; fileRef = BC2B287A2C4547ED00329A3C /* UIViewController+Extensions.swift */; };
		BC2B287D2C4548AA00329A3C /* Home+Presenter.swift in Sources */ = {isa = PBXBuildFile; fileRef = BC2B287C2C4548AA00329A3C /* Home+Presenter.swift */; };
		BC2B287F2C4548BA00329A3C /* Home+View.swift in Sources */ = {isa = PBXBuildFile; fileRef = BC2B287E2C4548BA00329A3C /* Home+View.swift */; };
		BC2B28812C4548C500329A3C /* HomeView.swift in Sources */ = {isa = PBXBuildFile; fileRef = BC2B28802C4548C500329A3C /* HomeView.swift */; };
		BC2B28832C4549EA00329A3C /* Search+Presenter.swift in Sources */ = {isa = PBXBuildFile; fileRef = BC2B28822C4549EA00329A3C /* Search+Presenter.swift */; };
		BC2B28852C4549F500329A3C /* Search+View.swift in Sources */ = {isa = PBXBuildFile; fileRef = BC2B28842C4549F500329A3C /* Search+View.swift */; };
		BC2B28872C454A0200329A3C /* SearchView.swift in Sources */ = {isa = PBXBuildFile; fileRef = BC2B28862C454A0200329A3C /* SearchView.swift */; };
		BC2B28892C454A4A00329A3C /* WatchList+Presenter.swift in Sources */ = {isa = PBXBuildFile; fileRef = BC2B28882C454A4A00329A3C /* WatchList+Presenter.swift */; };
		BC2B288B2C454A5500329A3C /* WatchList+View.swift in Sources */ = {isa = PBXBuildFile; fileRef = BC2B288A2C454A5500329A3C /* WatchList+View.swift */; };
		BC2B288D2C454A5F00329A3C /* WatchListView.swift in Sources */ = {isa = PBXBuildFile; fileRef = BC2B288C2C454A5F00329A3C /* WatchListView.swift */; };
		BC2B28BB2C49048500329A3C /* String+Localization.swift in Sources */ = {isa = PBXBuildFile; fileRef = BC2B28B72C49048500329A3C /* String+Localization.swift */; };
		BC2B28C02C4905CA00329A3C /* Localizable.strings in Resources */ = {isa = PBXBuildFile; fileRef = BC2B28BE2C4905CA00329A3C /* Localizable.strings */; };
		BC2B28C32C4908BE00329A3C /* UIColor+Extensions.swift in Sources */ = {isa = PBXBuildFile; fileRef = BC2B28C22C4908BE00329A3C /* UIColor+Extensions.swift */; };
		BC2B28C52C490AA000329A3C /* UIView+Extensions.swift in Sources */ = {isa = PBXBuildFile; fileRef = BC2B28C42C490AA000329A3C /* UIView+Extensions.swift */; };
		BC2B28C72C490AF600329A3C /* UILable+Extensions.swift in Sources */ = {isa = PBXBuildFile; fileRef = BC2B28C62C490AF600329A3C /* UILable+Extensions.swift */; };
		BC2B28C92C490BAE00329A3C /* UIFont+Extensions.swift in Sources */ = {isa = PBXBuildFile; fileRef = BC2B28C82C490BAE00329A3C /* UIFont+Extensions.swift */; };
		BC2B28CF2C490D5C00329A3C /* inter-Medium.ttf in Resources */ = {isa = PBXBuildFile; fileRef = BC2B28CB2C490D5C00329A3C /* inter-Medium.ttf */; };
		BC2B28D02C490D5C00329A3C /* inter-SemiBold.ttf in Resources */ = {isa = PBXBuildFile; fileRef = BC2B28CC2C490D5C00329A3C /* inter-SemiBold.ttf */; };
		BC2B28D12C490D5C00329A3C /* inter-Regular.ttf in Resources */ = {isa = PBXBuildFile; fileRef = BC2B28CD2C490D5C00329A3C /* inter-Regular.ttf */; };
		BC2B28D22C490D5C00329A3C /* inter-Bold.ttf in Resources */ = {isa = PBXBuildFile; fileRef = BC2B28CE2C490D5C00329A3C /* inter-Bold.ttf */; };
		BC2B28D42C49194000329A3C /* UITextField+Extensions.swift in Sources */ = {isa = PBXBuildFile; fileRef = BC2B28D32C49194000329A3C /* UITextField+Extensions.swift */; };
		BC2B28D82C491FA800329A3C /* TopFilmsCollectionView.swift in Sources */ = {isa = PBXBuildFile; fileRef = BC2B28D72C491FA800329A3C /* TopFilmsCollectionView.swift */; };
		BC2B28DA2C491FD700329A3C /* TopFilmsCell.swift in Sources */ = {isa = PBXBuildFile; fileRef = BC2B28D92C491FD700329A3C /* TopFilmsCell.swift */; };
		BC2B28DD2C49239E00329A3C /* FilmsModel.swift in Sources */ = {isa = PBXBuildFile; fileRef = BC2B28DC2C49239E00329A3C /* FilmsModel.swift */; };
		BC2B28E12C4924CF00329A3C /* NetworkManager.swift in Sources */ = {isa = PBXBuildFile; fileRef = BC2B28E02C4924CF00329A3C /* NetworkManager.swift */; };
		BC2B28E62C49267900329A3C /* APIConstans.swift in Sources */ = {isa = PBXBuildFile; fileRef = BC2B28E52C49267900329A3C /* APIConstans.swift */; };
		BC2B28F82C4A7ECF00329A3C /* Detail+Presenter.swift in Sources */ = {isa = PBXBuildFile; fileRef = BC2B28F72C4A7ECF00329A3C /* Detail+Presenter.swift */; };
		BC2B28FA2C4A7EE100329A3C /* Detail+View.swift in Sources */ = {isa = PBXBuildFile; fileRef = BC2B28F92C4A7EE100329A3C /* Detail+View.swift */; };
		BC2B28FC2C4A7EEC00329A3C /* DetailView.swift in Sources */ = {isa = PBXBuildFile; fileRef = BC2B28FB2C4A7EEC00329A3C /* DetailView.swift */; };
		BC77D11A2C57B2D10055E39F /* RealmSwift in Frameworks */ = {isa = PBXBuildFile; productRef = BC77D1192C57B2D10055E39F /* RealmSwift */; };
		BC77D11D2C57B4220055E39F /* SDWebImage in Frameworks */ = {isa = PBXBuildFile; productRef = BC77D11C2C57B4220055E39F /* SDWebImage */; };
		BC77D11F2C57B4220055E39F /* SDWebImageMapKit in Frameworks */ = {isa = PBXBuildFile; productRef = BC77D11E2C57B4220055E39F /* SDWebImageMapKit */; };
		BC77D1222C57B4470055E39F /* Kingfisher in Frameworks */ = {isa = PBXBuildFile; productRef = BC77D1212C57B4470055E39F /* Kingfisher */; };
		BC8928BC2C57845A001006AF /* WatchListCell.swift in Sources */ = {isa = PBXBuildFile; fileRef = BC8928BB2C57845A001006AF /* WatchListCell.swift */; };
		BC8928BE2C57880D001006AF /* WatchListCollection.swift in Sources */ = {isa = PBXBuildFile; fileRef = BC8928BD2C57880D001006AF /* WatchListCollection.swift */; };
		BCE471322C4F9F7C00FE52EB /* UIStackView+Extensions.swift in Sources */ = {isa = PBXBuildFile; fileRef = BCE471312C4F9F7C00FE52EB /* UIStackView+Extensions.swift */; };
		BCE471342C4FA09B00FE52EB /* UIImageView+Extensions.swift in Sources */ = {isa = PBXBuildFile; fileRef = BCE471332C4FA09B00FE52EB /* UIImageView+Extensions.swift */; };
		BCE471362C4FAB2F00FE52EB /* CustomSegmentedControll.swift in Sources */ = {isa = PBXBuildFile; fileRef = BCE471352C4FAB2F00FE52EB /* CustomSegmentedControll.swift */; };
		BCE471382C51181100FE52EB /* ReviewsCell.swift in Sources */ = {isa = PBXBuildFile; fileRef = BCE471372C51181100FE52EB /* ReviewsCell.swift */; };
		BCE4713A2C511FF900FE52EB /* ReviewsCollectionView.swift in Sources */ = {isa = PBXBuildFile; fileRef = BCE471392C511FF900FE52EB /* ReviewsCollectionView.swift */; };
		BCE4713F2C53A40B00FE52EB /* ActorCell.swift in Sources */ = {isa = PBXBuildFile; fileRef = BCE4713E2C53A40B00FE52EB /* ActorCell.swift */; };
		BCE471412C53A4D500FE52EB /* ActorModel.swift in Sources */ = {isa = PBXBuildFile; fileRef = BCE471402C53A4D500FE52EB /* ActorModel.swift */; };
		BCE471452C53B3AD00FE52EB /* ReviewModel.swift in Sources */ = {isa = PBXBuildFile; fileRef = BCE471442C53B3AD00FE52EB /* ReviewModel.swift */; };
		BCEFC2532C59219100666979 /* RealmSwift in Embed Frameworks */ = {isa = PBXBuildFile; productRef = BC77D1192C57B2D10055E39F /* RealmSwift */; settings = {ATTRIBUTES = (CodeSignOnCopy, ); }; };
		BCEFC2562C5A372500666979 /* MovieIdsResponseModel.swift in Sources */ = {isa = PBXBuildFile; fileRef = BCEFC2552C5A372500666979 /* MovieIdsResponseModel.swift */; };
		BCEFC2582C5A38C500666979 /* FullListFilmsCell.swift in Sources */ = {isa = PBXBuildFile; fileRef = BCEFC2572C5A38C500666979 /* FullListFilmsCell.swift */; };
		BCEFC25A2C5A392500666979 /* FullListFilmsCollection.swift in Sources */ = {isa = PBXBuildFile; fileRef = BCEFC2592C5A392500666979 /* FullListFilmsCollection.swift */; };
		BCF4A0862C57A90100F9240D /* BookmarkedMovie.swift in Sources */ = {isa = PBXBuildFile; fileRef = BCF4A0852C57A90100F9240D /* BookmarkedMovie.swift */; };
		BCF4A0882C57A93A00F9240D /* BookmarkManager.swift in Sources */ = {isa = PBXBuildFile; fileRef = BCF4A0872C57A93A00F9240D /* BookmarkManager.swift */; };
		BCF7E60F2C57B65B00DBA54E /* Alamofire in Frameworks */ = {isa = PBXBuildFile; productRef = BCF7E60E2C57B65B00DBA54E /* Alamofire */; };
/* End PBXBuildFile section */

/* Begin PBXCopyFilesBuildPhase section */
		BCEFC2542C59219100666979 /* Embed Frameworks */ = {
			isa = PBXCopyFilesBuildPhase;
			buildActionMask = 2147483647;
			dstPath = "";
			dstSubfolderSpec = 10;
			files = (
				BCEFC2532C59219100666979 /* RealmSwift in Embed Frameworks */,
			);
			name = "Embed Frameworks";
			runOnlyForDeploymentPostprocessing = 0;
		};
/* End PBXCopyFilesBuildPhase section */

/* Begin PBXFileReference section */
		BC2B284E2C453F4000329A3C /* CineSeeker.app */ = {isa = PBXFileReference; explicitFileType = wrapper.application; includeInIndex = 0; path = CineSeeker.app; sourceTree = BUILT_PRODUCTS_DIR; };
		BC2B28512C453F4000329A3C /* AppDelegate.swift */ = {isa = PBXFileReference; lastKnownFileType = sourcecode.swift; path = AppDelegate.swift; sourceTree = "<group>"; };
		BC2B28532C453F4000329A3C /* SceneDelegate.swift */ = {isa = PBXFileReference; lastKnownFileType = sourcecode.swift; path = SceneDelegate.swift; sourceTree = "<group>"; };
		BC2B285A2C453F4200329A3C /* Assets.xcassets */ = {isa = PBXFileReference; lastKnownFileType = folder.assetcatalog; path = Assets.xcassets; sourceTree = "<group>"; };
		BC2B285D2C453F4200329A3C /* Base */ = {isa = PBXFileReference; lastKnownFileType = file.storyboard; name = Base; path = Base.lproj/LaunchScreen.storyboard; sourceTree = "<group>"; };
		BC2B285F2C453F4200329A3C /* Info.plist */ = {isa = PBXFileReference; lastKnownFileType = text.plist.xml; path = Info.plist; sourceTree = "<group>"; };
		BC2B286B2C45448800329A3C /* TabBarController.swift */ = {isa = PBXFileReference; lastKnownFileType = sourcecode.swift; path = TabBarController.swift; sourceTree = "<group>"; };
		BC2B28712C45469E00329A3C /* Onboarding+Presenter.swift */ = {isa = PBXFileReference; lastKnownFileType = sourcecode.swift; path = "Onboarding+Presenter.swift"; sourceTree = "<group>"; };
		BC2B28732C4546B500329A3C /* Onboarding+View.swift */ = {isa = PBXFileReference; lastKnownFileType = sourcecode.swift; path = "Onboarding+View.swift"; sourceTree = "<group>"; };
		BC2B28752C4546C300329A3C /* OnboardingView.swift */ = {isa = PBXFileReference; lastKnownFileType = sourcecode.swift; path = OnboardingView.swift; sourceTree = "<group>"; };
		BC2B287A2C4547ED00329A3C /* UIViewController+Extensions.swift */ = {isa = PBXFileReference; lastKnownFileType = sourcecode.swift; path = "UIViewController+Extensions.swift"; sourceTree = "<group>"; };
		BC2B287C2C4548AA00329A3C /* Home+Presenter.swift */ = {isa = PBXFileReference; lastKnownFileType = sourcecode.swift; path = "Home+Presenter.swift"; sourceTree = "<group>"; };
		BC2B287E2C4548BA00329A3C /* Home+View.swift */ = {isa = PBXFileReference; lastKnownFileType = sourcecode.swift; path = "Home+View.swift"; sourceTree = "<group>"; };
		BC2B28802C4548C500329A3C /* HomeView.swift */ = {isa = PBXFileReference; lastKnownFileType = sourcecode.swift; path = HomeView.swift; sourceTree = "<group>"; };
		BC2B28822C4549EA00329A3C /* Search+Presenter.swift */ = {isa = PBXFileReference; lastKnownFileType = sourcecode.swift; path = "Search+Presenter.swift"; sourceTree = "<group>"; };
		BC2B28842C4549F500329A3C /* Search+View.swift */ = {isa = PBXFileReference; lastKnownFileType = sourcecode.swift; path = "Search+View.swift"; sourceTree = "<group>"; };
		BC2B28862C454A0200329A3C /* SearchView.swift */ = {isa = PBXFileReference; lastKnownFileType = sourcecode.swift; path = SearchView.swift; sourceTree = "<group>"; };
		BC2B28882C454A4A00329A3C /* WatchList+Presenter.swift */ = {isa = PBXFileReference; lastKnownFileType = sourcecode.swift; path = "WatchList+Presenter.swift"; sourceTree = "<group>"; };
		BC2B288A2C454A5500329A3C /* WatchList+View.swift */ = {isa = PBXFileReference; lastKnownFileType = sourcecode.swift; path = "WatchList+View.swift"; sourceTree = "<group>"; };
		BC2B288C2C454A5F00329A3C /* WatchListView.swift */ = {isa = PBXFileReference; lastKnownFileType = sourcecode.swift; path = WatchListView.swift; sourceTree = "<group>"; };
		BC2B28B72C49048500329A3C /* String+Localization.swift */ = {isa = PBXFileReference; fileEncoding = 4; lastKnownFileType = sourcecode.swift; path = "String+Localization.swift"; sourceTree = "<group>"; };
		BC2B28BF2C4905CA00329A3C /* en */ = {isa = PBXFileReference; lastKnownFileType = text.plist.strings; name = en; path = ../../../../../MinimalTodo/MinimalTodo/MinimalTodo/AppConstans/Localization/en.lproj/Localizable.strings; sourceTree = "<group>"; };
		BC2B28C12C4905D200329A3C /* ru */ = {isa = PBXFileReference; lastKnownFileType = text.plist.strings; name = ru; path = ../../../../../MinimalTodo/MinimalTodo/MinimalTodo/AppConstans/Localization/ru.lproj/Localizable.strings; sourceTree = "<group>"; };
		BC2B28C22C4908BE00329A3C /* UIColor+Extensions.swift */ = {isa = PBXFileReference; lastKnownFileType = sourcecode.swift; path = "UIColor+Extensions.swift"; sourceTree = "<group>"; };
		BC2B28C42C490AA000329A3C /* UIView+Extensions.swift */ = {isa = PBXFileReference; lastKnownFileType = sourcecode.swift; path = "UIView+Extensions.swift"; sourceTree = "<group>"; };
		BC2B28C62C490AF600329A3C /* UILable+Extensions.swift */ = {isa = PBXFileReference; lastKnownFileType = sourcecode.swift; path = "UILable+Extensions.swift"; sourceTree = "<group>"; };
		BC2B28C82C490BAE00329A3C /* UIFont+Extensions.swift */ = {isa = PBXFileReference; lastKnownFileType = sourcecode.swift; path = "UIFont+Extensions.swift"; sourceTree = "<group>"; };
		BC2B28CB2C490D5C00329A3C /* inter-Medium.ttf */ = {isa = PBXFileReference; lastKnownFileType = file; path = "inter-Medium.ttf"; sourceTree = "<group>"; };
		BC2B28CC2C490D5C00329A3C /* inter-SemiBold.ttf */ = {isa = PBXFileReference; lastKnownFileType = file; path = "inter-SemiBold.ttf"; sourceTree = "<group>"; };
		BC2B28CD2C490D5C00329A3C /* inter-Regular.ttf */ = {isa = PBXFileReference; lastKnownFileType = file; path = "inter-Regular.ttf"; sourceTree = "<group>"; };
		BC2B28CE2C490D5C00329A3C /* inter-Bold.ttf */ = {isa = PBXFileReference; lastKnownFileType = file; path = "inter-Bold.ttf"; sourceTree = "<group>"; };
		BC2B28D32C49194000329A3C /* UITextField+Extensions.swift */ = {isa = PBXFileReference; lastKnownFileType = sourcecode.swift; path = "UITextField+Extensions.swift"; sourceTree = "<group>"; };
		BC2B28D72C491FA800329A3C /* TopFilmsCollectionView.swift */ = {isa = PBXFileReference; lastKnownFileType = sourcecode.swift; path = TopFilmsCollectionView.swift; sourceTree = "<group>"; };
		BC2B28D92C491FD700329A3C /* TopFilmsCell.swift */ = {isa = PBXFileReference; lastKnownFileType = sourcecode.swift; path = TopFilmsCell.swift; sourceTree = "<group>"; };
		BC2B28DC2C49239E00329A3C /* FilmsModel.swift */ = {isa = PBXFileReference; lastKnownFileType = sourcecode.swift; path = FilmsModel.swift; sourceTree = "<group>"; };
		BC2B28E02C4924CF00329A3C /* NetworkManager.swift */ = {isa = PBXFileReference; lastKnownFileType = sourcecode.swift; path = NetworkManager.swift; sourceTree = "<group>"; };
		BC2B28E52C49267900329A3C /* APIConstans.swift */ = {isa = PBXFileReference; lastKnownFileType = sourcecode.swift; path = APIConstans.swift; sourceTree = "<group>"; };
		BC2B28F72C4A7ECF00329A3C /* Detail+Presenter.swift */ = {isa = PBXFileReference; lastKnownFileType = sourcecode.swift; path = "Detail+Presenter.swift"; sourceTree = "<group>"; };
		BC2B28F92C4A7EE100329A3C /* Detail+View.swift */ = {isa = PBXFileReference; lastKnownFileType = sourcecode.swift; path = "Detail+View.swift"; sourceTree = "<group>"; };
		BC2B28FB2C4A7EEC00329A3C /* DetailView.swift */ = {isa = PBXFileReference; lastKnownFileType = sourcecode.swift; path = DetailView.swift; sourceTree = "<group>"; };
		BC8928BB2C57845A001006AF /* WatchListCell.swift */ = {isa = PBXFileReference; lastKnownFileType = sourcecode.swift; path = WatchListCell.swift; sourceTree = "<group>"; };
		BC8928BD2C57880D001006AF /* WatchListCollection.swift */ = {isa = PBXFileReference; lastKnownFileType = sourcecode.swift; path = WatchListCollection.swift; sourceTree = "<group>"; };
		BCE471312C4F9F7C00FE52EB /* UIStackView+Extensions.swift */ = {isa = PBXFileReference; lastKnownFileType = sourcecode.swift; path = "UIStackView+Extensions.swift"; sourceTree = "<group>"; };
		BCE471332C4FA09B00FE52EB /* UIImageView+Extensions.swift */ = {isa = PBXFileReference; lastKnownFileType = sourcecode.swift; path = "UIImageView+Extensions.swift"; sourceTree = "<group>"; };
		BCE471352C4FAB2F00FE52EB /* CustomSegmentedControll.swift */ = {isa = PBXFileReference; lastKnownFileType = sourcecode.swift; path = CustomSegmentedControll.swift; sourceTree = "<group>"; };
		BCE471372C51181100FE52EB /* ReviewsCell.swift */ = {isa = PBXFileReference; lastKnownFileType = sourcecode.swift; path = ReviewsCell.swift; sourceTree = "<group>"; };
		BCE471392C511FF900FE52EB /* ReviewsCollectionView.swift */ = {isa = PBXFileReference; lastKnownFileType = sourcecode.swift; path = ReviewsCollectionView.swift; sourceTree = "<group>"; };
		BCE4713E2C53A40B00FE52EB /* ActorCell.swift */ = {isa = PBXFileReference; lastKnownFileType = sourcecode.swift; path = ActorCell.swift; sourceTree = "<group>"; };
		BCE471402C53A4D500FE52EB /* ActorModel.swift */ = {isa = PBXFileReference; lastKnownFileType = sourcecode.swift; path = ActorModel.swift; sourceTree = "<group>"; };
		BCE471442C53B3AD00FE52EB /* ReviewModel.swift */ = {isa = PBXFileReference; lastKnownFileType = sourcecode.swift; path = ReviewModel.swift; sourceTree = "<group>"; };
		BCEFC2552C5A372500666979 /* MovieIdsResponseModel.swift */ = {isa = PBXFileReference; lastKnownFileType = sourcecode.swift; path = MovieIdsResponseModel.swift; sourceTree = "<group>"; };
		BCEFC2572C5A38C500666979 /* FullListFilmsCell.swift */ = {isa = PBXFileReference; lastKnownFileType = sourcecode.swift; path = FullListFilmsCell.swift; sourceTree = "<group>"; };
		BCEFC2592C5A392500666979 /* FullListFilmsCollection.swift */ = {isa = PBXFileReference; lastKnownFileType = sourcecode.swift; path = FullListFilmsCollection.swift; sourceTree = "<group>"; };
		BCF4A0852C57A90100F9240D /* BookmarkedMovie.swift */ = {isa = PBXFileReference; lastKnownFileType = sourcecode.swift; path = BookmarkedMovie.swift; sourceTree = "<group>"; };
		BCF4A0872C57A93A00F9240D /* BookmarkManager.swift */ = {isa = PBXFileReference; lastKnownFileType = sourcecode.swift; path = BookmarkManager.swift; sourceTree = "<group>"; };
/* End PBXFileReference section */

/* Begin PBXFrameworksBuildPhase section */
		BC2B284B2C453F4000329A3C /* Frameworks */ = {
			isa = PBXFrameworksBuildPhase;
			buildActionMask = 2147483647;
			files = (
				BCF7E60F2C57B65B00DBA54E /* Alamofire in Frameworks */,
				BC77D1222C57B4470055E39F /* Kingfisher in Frameworks */,
				BC77D11D2C57B4220055E39F /* SDWebImage in Frameworks */,
				BC77D11F2C57B4220055E39F /* SDWebImageMapKit in Frameworks */,
				BC77D11A2C57B2D10055E39F /* RealmSwift in Frameworks */,
			);
			runOnlyForDeploymentPostprocessing = 0;
		};
/* End PBXFrameworksBuildPhase section */

/* Begin PBXGroup section */
		BC2B28452C453F4000329A3C = {
			isa = PBXGroup;
			children = (
				BC2B28502C453F4000329A3C /* CineSeeker */,
				BC2B284F2C453F4000329A3C /* Products */,
			);
			sourceTree = "<group>";
		};
		BC2B284F2C453F4000329A3C /* Products */ = {
			isa = PBXGroup;
			children = (
				BC2B284E2C453F4000329A3C /* CineSeeker.app */,
			);
			name = Products;
			sourceTree = "<group>";
		};
		BC2B28502C453F4000329A3C /* CineSeeker */ = {
			isa = PBXGroup;
			children = (
				BC2B28652C4540C800329A3C /* AppDelegate */,
				BC2B28662C45416000329A3C /* Resourse */,
				BC2B28672C45416C00329A3C /* AppConstans */,
				BC2B28682C45417700329A3C /* Common */,
				BC2B28692C45417C00329A3C /* Modules */,
				BC2B285F2C453F4200329A3C /* Info.plist */,
			);
			path = CineSeeker;
			sourceTree = "<group>";
		};
		BC2B28652C4540C800329A3C /* AppDelegate */ = {
			isa = PBXGroup;
			children = (
				BC2B28512C453F4000329A3C /* AppDelegate.swift */,
				BC2B28532C453F4000329A3C /* SceneDelegate.swift */,
			);
			path = AppDelegate;
			sourceTree = "<group>";
		};
		BC2B28662C45416000329A3C /* Resourse */ = {
			isa = PBXGroup;
			children = (
				BC2B286A2C4541D400329A3C /* Themes */,
				BC2B285A2C453F4200329A3C /* Assets.xcassets */,
				BC2B285C2C453F4200329A3C /* LaunchScreen.storyboard */,
			);
			path = Resourse;
			sourceTree = "<group>";
		};
		BC2B28672C45416C00329A3C /* AppConstans */ = {
			isa = PBXGroup;
			children = (
				BC2B288F2C48F23900329A3C /* Color */,
				BC2B28B82C49048500329A3C /* Localization */,
			);
			path = AppConstans;
			sourceTree = "<group>";
		};
		BC2B28682C45417700329A3C /* Common */ = {
			isa = PBXGroup;
			children = (
				BC2B28DE2C49246600329A3C /* Manager */,
				BC2B28DB2C4922B200329A3C /* Model */,
				BC2B28792C4547D700329A3C /* Extensions */,
			);
			path = Common;
			sourceTree = "<group>";
		};
		BC2B28692C45417C00329A3C /* Modules */ = {
			isa = PBXGroup;
			children = (
				BC2B286B2C45448800329A3C /* TabBarController.swift */,
				BC2B286D2C45465300329A3C /* Onboarding */,
				BC2B286E2C45465E00329A3C /* Home */,
				BC2B286F2C45466800329A3C /* Search */,
				BC2B28702C45467000329A3C /* WatchList */,
			);
			path = Modules;
			sourceTree = "<group>";
		};
		BC2B286A2C4541D400329A3C /* Themes */ = {
			isa = PBXGroup;
			children = (
				BC2B28CA2C490C1B00329A3C /* Fonts */,
			);
			path = Themes;
			sourceTree = "<group>";
		};
		BC2B286D2C45465300329A3C /* Onboarding */ = {
			isa = PBXGroup;
			children = (
				BC2B28712C45469E00329A3C /* Onboarding+Presenter.swift */,
				BC2B28732C4546B500329A3C /* Onboarding+View.swift */,
				BC2B28752C4546C300329A3C /* OnboardingView.swift */,
			);
			path = Onboarding;
			sourceTree = "<group>";
		};
		BC2B286E2C45465E00329A3C /* Home */ = {
			isa = PBXGroup;
			children = (
				BC2B28F62C4A7E9C00329A3C /* Detail */,
				BC2B287C2C4548AA00329A3C /* Home+Presenter.swift */,
				BC2B287E2C4548BA00329A3C /* Home+View.swift */,
				BC2B28802C4548C500329A3C /* HomeView.swift */,
				BC2B28D52C491F5300329A3C /* Components */,
				BCE4713D2C53A36B00FE52EB /* Collection */,
				BC2B28D62C491F6300329A3C /* Cell */,
			);
			path = Home;
			sourceTree = "<group>";
		};
		BC2B286F2C45466800329A3C /* Search */ = {
			isa = PBXGroup;
			children = (
				BC2B28822C4549EA00329A3C /* Search+Presenter.swift */,
				BC2B28842C4549F500329A3C /* Search+View.swift */,
				BC2B28862C454A0200329A3C /* SearchView.swift */,
			);
			path = Search;
			sourceTree = "<group>";
		};
		BC2B28702C45467000329A3C /* WatchList */ = {
			isa = PBXGroup;
			children = (
				BC2B28882C454A4A00329A3C /* WatchList+Presenter.swift */,
				BC2B288A2C454A5500329A3C /* WatchList+View.swift */,
				BC2B288C2C454A5F00329A3C /* WatchListView.swift */,
				BCEFC2522C59207200666979 /* Components */,
				BC8928B92C57841B001006AF /* Collection */,
				BC8928BA2C578421001006AF /* Cell */,
			);
			path = WatchList;
			sourceTree = "<group>";
		};
		BC2B28792C4547D700329A3C /* Extensions */ = {
			isa = PBXGroup;
			children = (
				BC2B287A2C4547ED00329A3C /* UIViewController+Extensions.swift */,
				BC2B28C42C490AA000329A3C /* UIView+Extensions.swift */,
				BC2B28C62C490AF600329A3C /* UILable+Extensions.swift */,
				BC2B28C82C490BAE00329A3C /* UIFont+Extensions.swift */,
				BC2B28D32C49194000329A3C /* UITextField+Extensions.swift */,
				BCE471312C4F9F7C00FE52EB /* UIStackView+Extensions.swift */,
				BCE471332C4FA09B00FE52EB /* UIImageView+Extensions.swift */,
			);
			path = Extensions;
			sourceTree = "<group>";
		};
		BC2B288F2C48F23900329A3C /* Color */ = {
			isa = PBXGroup;
			children = (
				BC2B28C22C4908BE00329A3C /* UIColor+Extensions.swift */,
			);
			path = Color;
			sourceTree = "<group>";
		};
		BC2B28B82C49048500329A3C /* Localization */ = {
			isa = PBXGroup;
			children = (
				BC2B28B72C49048500329A3C /* String+Localization.swift */,
				BC2B28BE2C4905CA00329A3C /* Localizable.strings */,
			);
			path = Localization;
			sourceTree = "<group>";
		};
		BC2B28CA2C490C1B00329A3C /* Fonts */ = {
			isa = PBXGroup;
			children = (
				BC2B28CD2C490D5C00329A3C /* inter-Regular.ttf */,
				BC2B28CB2C490D5C00329A3C /* inter-Medium.ttf */,
				BC2B28CC2C490D5C00329A3C /* inter-SemiBold.ttf */,
				BC2B28CE2C490D5C00329A3C /* inter-Bold.ttf */,
			);
			name = Fonts;
			sourceTree = "<group>";
		};
		BC2B28D52C491F5300329A3C /* Components */ = {
			isa = PBXGroup;
			children = (
				BCE471352C4FAB2F00FE52EB /* CustomSegmentedControll.swift */,
			);
			path = Components;
			sourceTree = "<group>";
		};
		BC2B28D62C491F6300329A3C /* Cell */ = {
			isa = PBXGroup;
			children = (
				BC2B28D92C491FD700329A3C /* TopFilmsCell.swift */,
				BCE471372C51181100FE52EB /* ReviewsCell.swift */,
				BCE4713E2C53A40B00FE52EB /* ActorCell.swift */,
				BCEFC2572C5A38C500666979 /* FullListFilmsCell.swift */,
			);
			path = Cell;
			sourceTree = "<group>";
		};
		BC2B28DB2C4922B200329A3C /* Model */ = {
			isa = PBXGroup;
			children = (
				BC2B28DC2C49239E00329A3C /* FilmsModel.swift */,
				BC2B28E52C49267900329A3C /* APIConstans.swift */,
				BCE471402C53A4D500FE52EB /* ActorModel.swift */,
				BCE471442C53B3AD00FE52EB /* ReviewModel.swift */,
				BCEFC2552C5A372500666979 /* MovieIdsResponseModel.swift */,
			);
			path = Model;
			sourceTree = "<group>";
		};
		BC2B28DE2C49246600329A3C /* Manager */ = {
			isa = PBXGroup;
			children = (
				BC2B28DF2C49247200329A3C /* NetworkManager */,
			);
			path = Manager;
			sourceTree = "<group>";
		};
		BC2B28DF2C49247200329A3C /* NetworkManager */ = {
			isa = PBXGroup;
			children = (
				BC2B28E02C4924CF00329A3C /* NetworkManager.swift */,
				BCF4A0872C57A93A00F9240D /* BookmarkManager.swift */,
			);
			path = NetworkManager;
			sourceTree = "<group>";
		};
		BC2B28F62C4A7E9C00329A3C /* Detail */ = {
			isa = PBXGroup;
			children = (
				BC2B28F72C4A7ECF00329A3C /* Detail+Presenter.swift */,
				BC2B28F92C4A7EE100329A3C /* Detail+View.swift */,
				BC2B28FB2C4A7EEC00329A3C /* DetailView.swift */,
			);
			path = Detail;
			sourceTree = "<group>";
		};
		BC8928B92C57841B001006AF /* Collection */ = {
			isa = PBXGroup;
			children = (
				BC8928BD2C57880D001006AF /* WatchListCollection.swift */,
			);
			path = Collection;
			sourceTree = "<group>";
		};
		BC8928BA2C578421001006AF /* Cell */ = {
			isa = PBXGroup;
			children = (
				BC8928BB2C57845A001006AF /* WatchListCell.swift */,
			);
			path = Cell;
			sourceTree = "<group>";
		};
		BCE4713D2C53A36B00FE52EB /* Collection */ = {
			isa = PBXGroup;
			children = (
				BC2B28D72C491FA800329A3C /* TopFilmsCollectionView.swift */,
				BCE471392C511FF900FE52EB /* ReviewsCollectionView.swift */,
				BCEFC2592C5A392500666979 /* FullListFilmsCollection.swift */,
			);
			path = Collection;
			sourceTree = "<group>";
		};
		BCEFC2522C59207200666979 /* Components */ = {
			isa = PBXGroup;
			children = (
				BCF4A0852C57A90100F9240D /* BookmarkedMovie.swift */,
			);
			path = Components;
			sourceTree = "<group>";
		};
/* End PBXGroup section */

/* Begin PBXNativeTarget section */
		BC2B284D2C453F4000329A3C /* CineSeeker */ = {
			isa = PBXNativeTarget;
			buildConfigurationList = BC2B28622C453F4200329A3C /* Build configuration list for PBXNativeTarget "CineSeeker" */;
			buildPhases = (
				BC2B284A2C453F4000329A3C /* Sources */,
				BC2B284B2C453F4000329A3C /* Frameworks */,
				BC2B284C2C453F4000329A3C /* Resources */,
				BCEFC2542C59219100666979 /* Embed Frameworks */,
			);
			buildRules = (
			);
			dependencies = (
			);
			name = CineSeeker;
			packageProductDependencies = (
				BC77D1192C57B2D10055E39F /* RealmSwift */,
				BC77D11C2C57B4220055E39F /* SDWebImage */,
				BC77D11E2C57B4220055E39F /* SDWebImageMapKit */,
				BC77D1212C57B4470055E39F /* Kingfisher */,
				BCF7E60E2C57B65B00DBA54E /* Alamofire */,
			);
			productName = CineSeeker;
			productReference = BC2B284E2C453F4000329A3C /* CineSeeker.app */;
			productType = "com.apple.product-type.application";
		};
/* End PBXNativeTarget section */

/* Begin PBXProject section */
		BC2B28462C453F4000329A3C /* Project object */ = {
			isa = PBXProject;
			attributes = {
				BuildIndependentTargetsInParallel = 1;
				LastSwiftUpdateCheck = 1540;
				LastUpgradeCheck = 1540;
				TargetAttributes = {
					BC2B284D2C453F4000329A3C = {
						CreatedOnToolsVersion = 15.4;
					};
				};
			};
			buildConfigurationList = BC2B28492C453F4000329A3C /* Build configuration list for PBXProject "CineSeeker" */;
			compatibilityVersion = "Xcode 14.0";
			developmentRegion = en;
			hasScannedForEncodings = 0;
			knownRegions = (
				en,
				Base,
				ru,
			);
			mainGroup = BC2B28452C453F4000329A3C;
			packageReferences = (
				BC77D1182C57B2D10055E39F /* XCRemoteSwiftPackageReference "realm-swift" */,
				BC77D11B2C57B4220055E39F /* XCRemoteSwiftPackageReference "SDWebImage" */,
				BC77D1202C57B4470055E39F /* XCRemoteSwiftPackageReference "Kingfisher" */,
				BCF7E60D2C57B65B00DBA54E /* XCRemoteSwiftPackageReference "Alamofire" */,
			);
			productRefGroup = BC2B284F2C453F4000329A3C /* Products */;
			projectDirPath = "";
			projectRoot = "";
			targets = (
				BC2B284D2C453F4000329A3C /* CineSeeker */,
			);
		};
/* End PBXProject section */

/* Begin PBXResourcesBuildPhase section */
		BC2B284C2C453F4000329A3C /* Resources */ = {
			isa = PBXResourcesBuildPhase;
			buildActionMask = 2147483647;
			files = (
				BC2B28D02C490D5C00329A3C /* inter-SemiBold.ttf in Resources */,
				BC2B285B2C453F4200329A3C /* Assets.xcassets in Resources */,
				BC2B28D22C490D5C00329A3C /* inter-Bold.ttf in Resources */,
				BC2B28CF2C490D5C00329A3C /* inter-Medium.ttf in Resources */,
				BC2B28D12C490D5C00329A3C /* inter-Regular.ttf in Resources */,
				BC2B28C02C4905CA00329A3C /* Localizable.strings in Resources */,
				BC2B285E2C453F4200329A3C /* Base in Resources */,
			);
			runOnlyForDeploymentPostprocessing = 0;
		};
/* End PBXResourcesBuildPhase section */

/* Begin PBXSourcesBuildPhase section */
		BC2B284A2C453F4000329A3C /* Sources */ = {
			isa = PBXSourcesBuildPhase;
			buildActionMask = 2147483647;
			files = (
				BCEFC2582C5A38C500666979 /* FullListFilmsCell.swift in Sources */,
				BC2B28C72C490AF600329A3C /* UILable+Extensions.swift in Sources */,
				BCE471382C51181100FE52EB /* ReviewsCell.swift in Sources */,
				BC2B28D82C491FA800329A3C /* TopFilmsCollectionView.swift in Sources */,
				BC8928BE2C57880D001006AF /* WatchListCollection.swift in Sources */,
				BC2B28852C4549F500329A3C /* Search+View.swift in Sources */,
				BC2B28832C4549EA00329A3C /* Search+Presenter.swift in Sources */,
				BCE471452C53B3AD00FE52EB /* ReviewModel.swift in Sources */,
				BC2B287F2C4548BA00329A3C /* Home+View.swift in Sources */,
				BC2B286C2C45448800329A3C /* TabBarController.swift in Sources */,
				BCF4A0862C57A90100F9240D /* BookmarkedMovie.swift in Sources */,
				BC2B28522C453F4000329A3C /* AppDelegate.swift in Sources */,
				BCE471322C4F9F7C00FE52EB /* UIStackView+Extensions.swift in Sources */,
				BC2B28812C4548C500329A3C /* HomeView.swift in Sources */,
				BC2B28542C453F4000329A3C /* SceneDelegate.swift in Sources */,
				BCE4713F2C53A40B00FE52EB /* ActorCell.swift in Sources */,
				BC2B28C32C4908BE00329A3C /* UIColor+Extensions.swift in Sources */,
				BC2B288B2C454A5500329A3C /* WatchList+View.swift in Sources */,
				BC2B28DD2C49239E00329A3C /* FilmsModel.swift in Sources */,
				BC2B28DA2C491FD700329A3C /* TopFilmsCell.swift in Sources */,
				BCE471342C4FA09B00FE52EB /* UIImageView+Extensions.swift in Sources */,
				BC2B28FC2C4A7EEC00329A3C /* DetailView.swift in Sources */,
				BC2B287D2C4548AA00329A3C /* Home+Presenter.swift in Sources */,
				BCE471362C4FAB2F00FE52EB /* CustomSegmentedControll.swift in Sources */,
				BC2B28D42C49194000329A3C /* UITextField+Extensions.swift in Sources */,
				BC2B28F82C4A7ECF00329A3C /* Detail+Presenter.swift in Sources */,
				BC2B28872C454A0200329A3C /* SearchView.swift in Sources */,
				BC8928BC2C57845A001006AF /* WatchListCell.swift in Sources */,
				BCEFC2562C5A372500666979 /* MovieIdsResponseModel.swift in Sources */,
				BC2B28E12C4924CF00329A3C /* NetworkManager.swift in Sources */,
				BC2B28BB2C49048500329A3C /* String+Localization.swift in Sources */,
				BCF4A0882C57A93A00F9240D /* BookmarkManager.swift in Sources */,
				BC2B28C92C490BAE00329A3C /* UIFont+Extensions.swift in Sources */,
				BCE471412C53A4D500FE52EB /* ActorModel.swift in Sources */,
				BC2B28FA2C4A7EE100329A3C /* Detail+View.swift in Sources */,
				BC2B28C52C490AA000329A3C /* UIView+Extensions.swift in Sources */,
				BC2B28E62C49267900329A3C /* APIConstans.swift in Sources */,
				BC2B287B2C4547ED00329A3C /* UIViewController+Extensions.swift in Sources */,
				BC2B28762C4546C300329A3C /* OnboardingView.swift in Sources */,
				BC2B288D2C454A5F00329A3C /* WatchListView.swift in Sources */,
				BC2B28722C45469E00329A3C /* Onboarding+Presenter.swift in Sources */,
				BCEFC25A2C5A392500666979 /* FullListFilmsCollection.swift in Sources */,
				BC2B28892C454A4A00329A3C /* WatchList+Presenter.swift in Sources */,
				BCE4713A2C511FF900FE52EB /* ReviewsCollectionView.swift in Sources */,
				BC2B28742C4546B500329A3C /* Onboarding+View.swift in Sources */,
			);
			runOnlyForDeploymentPostprocessing = 0;
		};
/* End PBXSourcesBuildPhase section */

/* Begin PBXVariantGroup section */
		BC2B285C2C453F4200329A3C /* LaunchScreen.storyboard */ = {
			isa = PBXVariantGroup;
			children = (
				BC2B285D2C453F4200329A3C /* Base */,
			);
			name = LaunchScreen.storyboard;
			sourceTree = "<group>";
		};
		BC2B28BE2C4905CA00329A3C /* Localizable.strings */ = {
			isa = PBXVariantGroup;
			children = (
				BC2B28BF2C4905CA00329A3C /* en */,
				BC2B28C12C4905D200329A3C /* ru */,
			);
			name = Localizable.strings;
			sourceTree = "<group>";
		};
/* End PBXVariantGroup section */

/* Begin XCBuildConfiguration section */
		BC2B28602C453F4200329A3C /* Debug */ = {
			isa = XCBuildConfiguration;
			buildSettings = {
				ALWAYS_SEARCH_USER_PATHS = NO;
				ASSETCATALOG_COMPILER_GENERATE_SWIFT_ASSET_SYMBOL_EXTENSIONS = YES;
				CLANG_ANALYZER_NONNULL = YES;
				CLANG_ANALYZER_NUMBER_OBJECT_CONVERSION = YES_AGGRESSIVE;
				CLANG_CXX_LANGUAGE_STANDARD = "gnu++20";
				CLANG_ENABLE_MODULES = YES;
				CLANG_ENABLE_OBJC_ARC = YES;
				CLANG_ENABLE_OBJC_WEAK = YES;
				CLANG_WARN_BLOCK_CAPTURE_AUTORELEASING = YES;
				CLANG_WARN_BOOL_CONVERSION = YES;
				CLANG_WARN_COMMA = YES;
				CLANG_WARN_CONSTANT_CONVERSION = YES;
				CLANG_WARN_DEPRECATED_OBJC_IMPLEMENTATIONS = YES;
				CLANG_WARN_DIRECT_OBJC_ISA_USAGE = YES_ERROR;
				CLANG_WARN_DOCUMENTATION_COMMENTS = YES;
				CLANG_WARN_EMPTY_BODY = YES;
				CLANG_WARN_ENUM_CONVERSION = YES;
				CLANG_WARN_INFINITE_RECURSION = YES;
				CLANG_WARN_INT_CONVERSION = YES;
				CLANG_WARN_NON_LITERAL_NULL_CONVERSION = YES;
				CLANG_WARN_OBJC_IMPLICIT_RETAIN_SELF = YES;
				CLANG_WARN_OBJC_LITERAL_CONVERSION = YES;
				CLANG_WARN_OBJC_ROOT_CLASS = YES_ERROR;
				CLANG_WARN_QUOTED_INCLUDE_IN_FRAMEWORK_HEADER = YES;
				CLANG_WARN_RANGE_LOOP_ANALYSIS = YES;
				CLANG_WARN_STRICT_PROTOTYPES = YES;
				CLANG_WARN_SUSPICIOUS_MOVE = YES;
				CLANG_WARN_UNGUARDED_AVAILABILITY = YES_AGGRESSIVE;
				CLANG_WARN_UNREACHABLE_CODE = YES;
				CLANG_WARN__DUPLICATE_METHOD_MATCH = YES;
				COPY_PHASE_STRIP = NO;
				DEBUG_INFORMATION_FORMAT = dwarf;
				ENABLE_STRICT_OBJC_MSGSEND = YES;
				ENABLE_TESTABILITY = YES;
				ENABLE_USER_SCRIPT_SANDBOXING = YES;
				GCC_C_LANGUAGE_STANDARD = gnu17;
				GCC_DYNAMIC_NO_PIC = NO;
				GCC_NO_COMMON_BLOCKS = YES;
				GCC_OPTIMIZATION_LEVEL = 0;
				GCC_PREPROCESSOR_DEFINITIONS = (
					"DEBUG=1",
					"$(inherited)",
				);
				GCC_WARN_64_TO_32_BIT_CONVERSION = YES;
				GCC_WARN_ABOUT_RETURN_TYPE = YES_ERROR;
				GCC_WARN_UNDECLARED_SELECTOR = YES;
				GCC_WARN_UNINITIALIZED_AUTOS = YES_AGGRESSIVE;
				GCC_WARN_UNUSED_FUNCTION = YES;
				GCC_WARN_UNUSED_VARIABLE = YES;
				IPHONEOS_DEPLOYMENT_TARGET = 17.5;
				LOCALIZATION_PREFERS_STRING_CATALOGS = YES;
				MTL_ENABLE_DEBUG_INFO = INCLUDE_SOURCE;
				MTL_FAST_MATH = YES;
				ONLY_ACTIVE_ARCH = YES;
				SDKROOT = iphoneos;
				SWIFT_ACTIVE_COMPILATION_CONDITIONS = "DEBUG $(inherited)";
				SWIFT_OPTIMIZATION_LEVEL = "-Onone";
			};
			name = Debug;
		};
		BC2B28612C453F4200329A3C /* Release */ = {
			isa = XCBuildConfiguration;
			buildSettings = {
				ALWAYS_SEARCH_USER_PATHS = NO;
				ASSETCATALOG_COMPILER_GENERATE_SWIFT_ASSET_SYMBOL_EXTENSIONS = YES;
				CLANG_ANALYZER_NONNULL = YES;
				CLANG_ANALYZER_NUMBER_OBJECT_CONVERSION = YES_AGGRESSIVE;
				CLANG_CXX_LANGUAGE_STANDARD = "gnu++20";
				CLANG_ENABLE_MODULES = YES;
				CLANG_ENABLE_OBJC_ARC = YES;
				CLANG_ENABLE_OBJC_WEAK = YES;
				CLANG_WARN_BLOCK_CAPTURE_AUTORELEASING = YES;
				CLANG_WARN_BOOL_CONVERSION = YES;
				CLANG_WARN_COMMA = YES;
				CLANG_WARN_CONSTANT_CONVERSION = YES;
				CLANG_WARN_DEPRECATED_OBJC_IMPLEMENTATIONS = YES;
				CLANG_WARN_DIRECT_OBJC_ISA_USAGE = YES_ERROR;
				CLANG_WARN_DOCUMENTATION_COMMENTS = YES;
				CLANG_WARN_EMPTY_BODY = YES;
				CLANG_WARN_ENUM_CONVERSION = YES;
				CLANG_WARN_INFINITE_RECURSION = YES;
				CLANG_WARN_INT_CONVERSION = YES;
				CLANG_WARN_NON_LITERAL_NULL_CONVERSION = YES;
				CLANG_WARN_OBJC_IMPLICIT_RETAIN_SELF = YES;
				CLANG_WARN_OBJC_LITERAL_CONVERSION = YES;
				CLANG_WARN_OBJC_ROOT_CLASS = YES_ERROR;
				CLANG_WARN_QUOTED_INCLUDE_IN_FRAMEWORK_HEADER = YES;
				CLANG_WARN_RANGE_LOOP_ANALYSIS = YES;
				CLANG_WARN_STRICT_PROTOTYPES = YES;
				CLANG_WARN_SUSPICIOUS_MOVE = YES;
				CLANG_WARN_UNGUARDED_AVAILABILITY = YES_AGGRESSIVE;
				CLANG_WARN_UNREACHABLE_CODE = YES;
				CLANG_WARN__DUPLICATE_METHOD_MATCH = YES;
				COPY_PHASE_STRIP = NO;
				DEBUG_INFORMATION_FORMAT = "dwarf-with-dsym";
				ENABLE_NS_ASSERTIONS = NO;
				ENABLE_STRICT_OBJC_MSGSEND = YES;
				ENABLE_USER_SCRIPT_SANDBOXING = YES;
				GCC_C_LANGUAGE_STANDARD = gnu17;
				GCC_NO_COMMON_BLOCKS = YES;
				GCC_WARN_64_TO_32_BIT_CONVERSION = YES;
				GCC_WARN_ABOUT_RETURN_TYPE = YES_ERROR;
				GCC_WARN_UNDECLARED_SELECTOR = YES;
				GCC_WARN_UNINITIALIZED_AUTOS = YES_AGGRESSIVE;
				GCC_WARN_UNUSED_FUNCTION = YES;
				GCC_WARN_UNUSED_VARIABLE = YES;
				IPHONEOS_DEPLOYMENT_TARGET = 17.5;
				LOCALIZATION_PREFERS_STRING_CATALOGS = YES;
				MTL_ENABLE_DEBUG_INFO = NO;
				MTL_FAST_MATH = YES;
				SDKROOT = iphoneos;
				SWIFT_COMPILATION_MODE = wholemodule;
				VALIDATE_PRODUCT = YES;
			};
			name = Release;
		};
		BC2B28632C453F4200329A3C /* Debug */ = {
			isa = XCBuildConfiguration;
			buildSettings = {
				ASSETCATALOG_COMPILER_APPICON_NAME = AppIcon;
				ASSETCATALOG_COMPILER_GLOBAL_ACCENT_COLOR_NAME = AccentColor;
				CODE_SIGN_STYLE = Automatic;
				CURRENT_PROJECT_VERSION = 1;
				DEVELOPMENT_TEAM = Y5C952D945;
				GENERATE_INFOPLIST_FILE = YES;
				INFOPLIST_FILE = CineSeeker/Info.plist;
				INFOPLIST_KEY_UIApplicationSupportsIndirectInputEvents = YES;
				INFOPLIST_KEY_UILaunchStoryboardName = LaunchScreen;
				INFOPLIST_KEY_UISupportedInterfaceOrientations_iPad = "UIInterfaceOrientationPortrait UIInterfaceOrientationPortraitUpsideDown UIInterfaceOrientationLandscapeLeft UIInterfaceOrientationLandscapeRight";
				INFOPLIST_KEY_UISupportedInterfaceOrientations_iPhone = "UIInterfaceOrientationPortrait UIInterfaceOrientationLandscapeLeft UIInterfaceOrientationLandscapeRight";
				IPHONEOS_DEPLOYMENT_TARGET = 14.0;
				LD_RUNPATH_SEARCH_PATHS = (
					"$(inherited)",
					"@executable_path/Frameworks",
				);
				MARKETING_VERSION = 1.0;
				PRODUCT_BUNDLE_IDENTIFIER = CineSeeker.CineSeeker;
				PRODUCT_NAME = "$(TARGET_NAME)";
				SUPPORTED_PLATFORMS = "iphoneos iphonesimulator";
				SUPPORTS_MACCATALYST = NO;
				SUPPORTS_MAC_DESIGNED_FOR_IPHONE_IPAD = NO;
				SUPPORTS_XR_DESIGNED_FOR_IPHONE_IPAD = NO;
				SWIFT_EMIT_LOC_STRINGS = YES;
				SWIFT_VERSION = 5.0;
				TARGETED_DEVICE_FAMILY = 1;
			};
			name = Debug;
		};
		BC2B28642C453F4200329A3C /* Release */ = {
			isa = XCBuildConfiguration;
			buildSettings = {
				ASSETCATALOG_COMPILER_APPICON_NAME = AppIcon;
				ASSETCATALOG_COMPILER_GLOBAL_ACCENT_COLOR_NAME = AccentColor;
				CODE_SIGN_STYLE = Automatic;
				CURRENT_PROJECT_VERSION = 1;
				DEVELOPMENT_TEAM = Y5C952D945;
				GENERATE_INFOPLIST_FILE = YES;
				INFOPLIST_FILE = CineSeeker/Info.plist;
				INFOPLIST_KEY_UIApplicationSupportsIndirectInputEvents = YES;
				INFOPLIST_KEY_UILaunchStoryboardName = LaunchScreen;
				INFOPLIST_KEY_UISupportedInterfaceOrientations_iPad = "UIInterfaceOrientationPortrait UIInterfaceOrientationPortraitUpsideDown UIInterfaceOrientationLandscapeLeft UIInterfaceOrientationLandscapeRight";
				INFOPLIST_KEY_UISupportedInterfaceOrientations_iPhone = "UIInterfaceOrientationPortrait UIInterfaceOrientationLandscapeLeft UIInterfaceOrientationLandscapeRight";
				IPHONEOS_DEPLOYMENT_TARGET = 14.0;
				LD_RUNPATH_SEARCH_PATHS = (
					"$(inherited)",
					"@executable_path/Frameworks",
				);
				MARKETING_VERSION = 1.0;
				PRODUCT_BUNDLE_IDENTIFIER = CineSeeker.CineSeeker;
				PRODUCT_NAME = "$(TARGET_NAME)";
				SUPPORTED_PLATFORMS = "iphoneos iphonesimulator";
				SUPPORTS_MACCATALYST = NO;
				SUPPORTS_MAC_DESIGNED_FOR_IPHONE_IPAD = NO;
				SUPPORTS_XR_DESIGNED_FOR_IPHONE_IPAD = NO;
				SWIFT_EMIT_LOC_STRINGS = YES;
				SWIFT_VERSION = 5.0;
				TARGETED_DEVICE_FAMILY = 1;
			};
			name = Release;
		};
/* End XCBuildConfiguration section */

/* Begin XCConfigurationList section */
		BC2B28492C453F4000329A3C /* Build configuration list for PBXProject "CineSeeker" */ = {
			isa = XCConfigurationList;
			buildConfigurations = (
				BC2B28602C453F4200329A3C /* Debug */,
				BC2B28612C453F4200329A3C /* Release */,
			);
			defaultConfigurationIsVisible = 0;
			defaultConfigurationName = Release;
		};
		BC2B28622C453F4200329A3C /* Build configuration list for PBXNativeTarget "CineSeeker" */ = {
			isa = XCConfigurationList;
			buildConfigurations = (
				BC2B28632C453F4200329A3C /* Debug */,
				BC2B28642C453F4200329A3C /* Release */,
			);
			defaultConfigurationIsVisible = 0;
			defaultConfigurationName = Release;
		};
/* End XCConfigurationList section */

/* Begin XCRemoteSwiftPackageReference section */
		BC77D1182C57B2D10055E39F /* XCRemoteSwiftPackageReference "realm-swift" */ = {
			isa = XCRemoteSwiftPackageReference;
			repositoryURL = "https://github.com/realm/realm-swift.git";
			requirement = {
				kind = upToNextMajorVersion;
				minimumVersion = 10.52.2;
			};
		};
		BC77D11B2C57B4220055E39F /* XCRemoteSwiftPackageReference "SDWebImage" */ = {
			isa = XCRemoteSwiftPackageReference;
			repositoryURL = "https://github.com/SDWebImage/SDWebImage.git";
			requirement = {
				kind = upToNextMajorVersion;
				minimumVersion = 5.19.5;
			};
		};
		BC77D1202C57B4470055E39F /* XCRemoteSwiftPackageReference "Kingfisher" */ = {
			isa = XCRemoteSwiftPackageReference;
			repositoryURL = "https://github.com/onevcat/Kingfisher.git";
			requirement = {
				kind = upToNextMajorVersion;
				minimumVersion = 7.12.0;
			};
		};
		BCF7E60D2C57B65B00DBA54E /* XCRemoteSwiftPackageReference "Alamofire" */ = {
			isa = XCRemoteSwiftPackageReference;
			repositoryURL = "https://github.com/Alamofire/Alamofire.git";
			requirement = {
				kind = upToNextMajorVersion;
				minimumVersion = 5.9.1;
			};
		};
/* End XCRemoteSwiftPackageReference section */

/* Begin XCSwiftPackageProductDependency section */
		BC77D1192C57B2D10055E39F /* RealmSwift */ = {
			isa = XCSwiftPackageProductDependency;
			package = BC77D1182C57B2D10055E39F /* XCRemoteSwiftPackageReference "realm-swift" */;
			productName = RealmSwift;
		};
		BC77D11C2C57B4220055E39F /* SDWebImage */ = {
			isa = XCSwiftPackageProductDependency;
			package = BC77D11B2C57B4220055E39F /* XCRemoteSwiftPackageReference "SDWebImage" */;
			productName = SDWebImage;
		};
		BC77D11E2C57B4220055E39F /* SDWebImageMapKit */ = {
			isa = XCSwiftPackageProductDependency;
			package = BC77D11B2C57B4220055E39F /* XCRemoteSwiftPackageReference "SDWebImage" */;
			productName = SDWebImageMapKit;
		};
		BC77D1212C57B4470055E39F /* Kingfisher */ = {
			isa = XCSwiftPackageProductDependency;
			package = BC77D1202C57B4470055E39F /* XCRemoteSwiftPackageReference "Kingfisher" */;
			productName = Kingfisher;
		};
		BCF7E60E2C57B65B00DBA54E /* Alamofire */ = {
			isa = XCSwiftPackageProductDependency;
			package = BCF7E60D2C57B65B00DBA54E /* XCRemoteSwiftPackageReference "Alamofire" */;
			productName = Alamofire;
		};
/* End XCSwiftPackageProductDependency section */
	};
	rootObject = BC2B28462C453F4000329A3C /* Project object */;
}
